dependencies:
- name: alloy
  repository: https://grafana.github.io/helm-charts
  version: 1.1.2
- name: postgresql-ha
  repository: https://charts.bitnami.com/bitnami
  version: 16.3.2
- name: aws-load-balancer-controller
  repository: https://aws.github.io/eks-charts
  version: 1.14.0
- name: timescaledb-single
  repository: https://charts.timescale.com
  version: 0.33.1
digest: sha256:712ecd014b0ebb8f5ade76a2c8cf36ea82cb11735d07710ace8719cda6041820
generated: "2026-09-14T15:18:18.260343927Z"
